
Microsoft Visual Studio Solution File, Format Version 12.00
# Visual Studio 14
VisualStudioVersion = 14.0.25123.0
MinimumVisualStudioVersion = 10.0.40219.1
Project("{FAE04EC0-301F-11D3-BF4B-00C04F79EFBC}") = "ConsoleApp", "ConsoleApp\ConsoleApp.csproj", "{EF605224-45ED-4B83-B6BF-CA4EEF897A75}"
EndProject
Project("{FAE04EC0-301F-11D3-BF4B-00C04F79EFBC}") = "UnitTestProject", "UnitTestProject\UnitTestProject.csproj", "{087AE207-5DF1-4956-B831-A9B1F844A780}"
	ProjectSection(ProjectDependencies) = postProject
		{EF605224-45ED-4B83-B6BF-CA4EEF897A75} = {EF605224-45ED-4B83-B6BF-CA4EEF897A75}
	EndProjectSection
EndProject
Global
	GlobalSection(SolutionConfigurationPlatforms) = preSolution
		Debug|Any CPU = Debug|Any CPU
		Release|Any CPU = Release|Any CPU
	EndGlobalSection
	GlobalSection(ProjectConfigurationPlatforms) = postSolution
		{EF605224-45ED-4B83-B6BF-CA4EEF897A75}.Debug|Any CPU.ActiveCfg = Debug|Any CPU
		{EF605224-45ED-4B83-B6BF-CA4EEF897A75}.Debug|Any CPU.Build.0 = Debug|Any CPU
		{EF605224-45ED-4B83-B6BF-CA4EEF897A75}.Release|Any CPU.ActiveCfg = Release|Any CPU
		{EF605224-45ED-4B83-B6BF-CA4EEF897A75}.Release|Any CPU.Build.0 = Release|Any CPU
		{087AE207-5DF1-4956-B831-A9B1F844A780}.Debug|Any CPU.ActiveCfg = Debug|Any CPU
		{087AE207-5DF1-4956-B831-A9B1F844A780}.Debug|Any CPU.Build.0 = Debug|Any CPU
		{087AE207-5DF1-4956-B831-A9B1F844A780}.Release|Any CPU.ActiveCfg = Release|Any CPU
		{087AE207-5DF1-4956-B831-A9B1F844A780}.Release|Any CPU.Build.0 = Release|Any CPU
	EndGlobalSection
	GlobalSection(SolutionProperties) = preSolution
		HideSolutionNode = FALSE
	EndGlobalSection
EndGlobal
